// !$*UTF8*$!
{
	archiveVersion = 1;
	classes = {
	};
	objectVersion = 56;
	objects = {

/* Begin PBXBuildFile section */
		FCE1E3E72A73419400A00672 /* MovieLibrary2_0App.swift in Sources */ = {isa = PBXBuildFile; fileRef = FCE1E3E62A73419400A00672 /* MovieLibrary2_0App.swift */; };
		FCE1E3E92A73419400A00672 /* ContentView.swift in Sources */ = {isa = PBXBuildFile; fileRef = FCE1E3E82A73419400A00672 /* ContentView.swift */; };
		FCE1E3EB2A73419600A00672 /* Assets.xcassets in Resources */ = {isa = PBXBuildFile; fileRef = FCE1E3EA2A73419600A00672 /* Assets.xcassets */; };
		FCE1E3EE2A73419600A00672 /* Preview Assets.xcassets in Resources */ = {isa = PBXBuildFile; fileRef = FCE1E3ED2A73419600A00672 /* Preview Assets.xcassets */; };
		FCE1E3F52A734A7000A00672 /* MovieDetail.swift in Sources */ = {isa = PBXBuildFile; fileRef = FCE1E3F42A734A7000A00672 /* MovieDetail.swift */; };
		FCE1E3F72A738F8600A00672 /* Movie.swift in Sources */ = {isa = PBXBuildFile; fileRef = FCE1E3F62A738F8600A00672 /* Movie.swift */; };
		FCE1E3F92A73907600A00672 /* ImageFilp.swift in Sources */ = {isa = PBXBuildFile; fileRef = FCE1E3F82A73907600A00672 /* ImageFilp.swift */; };
		FCE1E3FB2A7390D000A00672 /* Loading.swift in Sources */ = {isa = PBXBuildFile; fileRef = FCE1E3FA2A7390D000A00672 /* Loading.swift */; };
		FCE1E3FD2A73923E00A00672 /* MovieCard.swift in Sources */ = {isa = PBXBuildFile; fileRef = FCE1E3FC2A73923E00A00672 /* MovieCard.swift */; };
		FCE1E3FF2A78965A00A00672 /* SpinAnimation.swift in Sources */ = {isa = PBXBuildFile; fileRef = FCE1E3FE2A78965A00A00672 /* SpinAnimation.swift */; };
		FCE1E4012A789CA700A00672 /* Popup.swift in Sources */ = {isa = PBXBuildFile; fileRef = FCE1E4002A789CA600A00672 /* Popup.swift */; };
/* End PBXBuildFile section */

/* Begin PBXFileReference section */
		FCE1E3E32A73419400A00672 /* MovieLibrary2.0.app */ = {isa = PBXFileReference; explicitFileType = wrapper.application; includeInIndex = 0; path = MovieLibrary2.0.app; sourceTree = BUILT_PRODUCTS_DIR; };
		FCE1E3E62A73419400A00672 /* MovieLibrary2_0App.swift */ = {isa = PBXFileReference; lastKnownFileType = sourcecode.swift; path = MovieLibrary2_0App.swift; sourceTree = "<group>"; };
		FCE1E3E82A73419400A00672 /* ContentView.swift */ = {isa = PBXFileReference; lastKnownFileType = sourcecode.swift; path = ContentView.swift; sourceTree = "<group>"; };
		FCE1E3EA2A73419600A00672 /* Assets.xcassets */ = {isa = PBXFileReference; lastKnownFileType = folder.assetcatalog; path = Assets.xcassets; sourceTree = "<group>"; };
		FCE1E3ED2A73419600A00672 /* Preview Assets.xcassets */ = {isa = PBXFileReference; lastKnownFileType = folder.assetcatalog; path = "Preview Assets.xcassets"; sourceTree = "<group>"; };
		FCE1E3F42A734A7000A00672 /* MovieDetail.swift */ = {isa = PBXFileReference; lastKnownFileType = sourcecode.swift; path = MovieDetail.swift; sourceTree = "<group>"; };
		FCE1E3F62A738F8600A00672 /* Movie.swift */ = {isa = PBXFileReference; lastKnownFileType = sourcecode.swift; path = Movie.swift; sourceTree = "<group>"; };
		FCE1E3F82A73907600A00672 /* ImageFilp.swift */ = {isa = PBXFileReference; lastKnownFileType = sourcecode.swift; path = ImageFilp.swift; sourceTree = "<group>"; };
		FCE1E3FA2A7390D000A00672 /* Loading.swift */ = {isa = PBXFileReference; lastKnownFileType = sourcecode.swift; path = Loading.swift; sourceTree = "<group>"; };
		FCE1E3FC2A73923E00A00672 /* MovieCard.swift */ = {isa = PBXFileReference; lastKnownFileType = sourcecode.swift; path = MovieCard.swift; sourceTree = "<group>"; };
		FCE1E3FE2A78965A00A00672 /* SpinAnimation.swift */ = {isa = PBXFileReference; lastKnownFileType = sourcecode.swift; path = SpinAnimation.swift; sourceTree = "<group>"; };
		FCE1E4002A789CA600A00672 /* Popup.swift */ = {isa = PBXFileReference; lastKnownFileType = sourcecode.swift; path = Popup.swift; sourceTree = "<group>"; };
/* End PBXFileReference section */

/* Begin PBXFrameworksBuildPhase section */
		FCE1E3E02A73419400A00672 /* Frameworks */ = {
			isa = PBXFrameworksBuildPhase;
			buildActionMask = 2147483647;
			files = (
			);
			runOnlyForDeploymentPostprocessing = 0;
		};
/* End PBXFrameworksBuildPhase section */

/* Begin PBXGroup section */
		FCE1E3DA2A73419400A00672 = {
			isa = PBXGroup;
			children = (
				FCE1E3E52A73419400A00672 /* MovieLibrary2.0 */,
				FCE1E3E42A73419400A00672 /* Products */,
			);
			sourceTree = "<group>";
		};
		FCE1E3E42A73419400A00672 /* Products */ = {
			isa = PBXGroup;
			children = (
				FCE1E3E32A73419400A00672 /* MovieLibrary2.0.app */,
			);
			name = Products;
			sourceTree = "<group>";
		};
		FCE1E3E52A73419400A00672 /* MovieLibrary2.0 */ = {
			isa = PBXGroup;
			children = (
				FCE1E4002A789CA600A00672 /* Popup.swift */,
				FCE1E3FE2A78965A00A00672 /* SpinAnimation.swift */,
				FCE1E3FA2A7390D000A00672 /* Loading.swift */,
				FCE1E3FC2A73923E00A00672 /* MovieCard.swift */,
				FCE1E3F62A738F8600A00672 /* Movie.swift */,
				FCE1E3F82A73907600A00672 /* ImageFilp.swift */,
				FCE1E3F42A734A7000A00672 /* MovieDetail.swift */,
				FCE1E3E62A73419400A00672 /* MovieLibrary2_0App.swift */,
				FCE1E3E82A73419400A00672 /* ContentView.swift */,
				FCE1E3EA2A73419600A00672 /* Assets.xcassets */,
				FCE1E3EC2A73419600A00672 /* Preview Content */,
			);
			path = MovieLibrary2.0;
			sourceTree = "<group>";
		};
		FCE1E3EC2A73419600A00672 /* Preview Content */ = {
			isa = PBXGroup;
			children = (
				FCE1E3ED2A73419600A00672 /* Preview Assets.xcassets */,
			);
			path = "Preview Content";
			sourceTree = "<group>";
		};
/* End PBXGroup section */

/* Begin PBXNativeTarget section */
		FCE1E3E22A73419400A00672 /* MovieLibrary2.0 */ = {
			isa = PBXNativeTarget;
			buildConfigurationList = FCE1E3F12A73419600A00672 /* Build configuration list for PBXNativeTarget "MovieLibrary2.0" */;
			buildPhases = (
				FCE1E3DF2A73419400A00672 /* Sources */,
				FCE1E3E02A73419400A00672 /* Frameworks */,
				FCE1E3E12A73419400A00672 /* Resources */,
			);
			buildRules = (
			);
			dependencies = (
			);
			name = MovieLibrary2.0;
			productName = MovieLibrary2.0;
			productReference = FCE1E3E32A73419400A00672 /* MovieLibrary2.0.app */;
			productType = "com.apple.product-type.application";
		};
/* End PBXNativeTarget section */

/* Begin PBXProject section */
		FCE1E3DB2A73419400A00672 /* Project object */ = {
			isa = PBXProject;
			attributes = {
				BuildIndependentTargetsInParallel = 1;
				LastSwiftUpdateCheck = 1430;
				LastUpgradeCheck = 1430;
				TargetAttributes = {
					FCE1E3E22A73419400A00672 = {
						CreatedOnToolsVersion = 14.3.1;
					};
				};
			};
			buildConfigurationList = FCE1E3DE2A73419400A00672 /* Build configuration list for PBXProject "MovieLibrary2.0" */;
			compatibilityVersion = "Xcode 14.0";
			developmentRegion = en;
			hasScannedForEncodings = 0;
			knownRegions = (
				en,
				Base,
			);
			mainGroup = FCE1E3DA2A73419400A00672;
			productRefGroup = FCE1E3E42A73419400A00672 /* Products */;
			projectDirPath = "";
			projectRoot = "";
			targets = (
				FCE1E3E22A73419400A00672 /* MovieLibrary2.0 */,
			);
		};
/* End PBXProject section */

/* Begin PBXResourcesBuildPhase section */
		FCE1E3E12A73419400A00672 /* Resources */ = {
			isa = PBXResourcesBuildPhase;
			buildActionMask = 2147483647;
			files = (
				FCE1E3EE2A73419600A00672 /* Preview Assets.xcassets in Resources */,
				FCE1E3EB2A73419600A00672 /* Assets.xcassets in Resources */,
			);
			runOnlyForDeploymentPostprocessing = 0;
		};
/* End PBXResourcesBuildPhase section */

/* Begin PBXSourcesBuildPhase section */
		FCE1E3DF2A73419400A00672 /* Sources */ = {
			isa = PBXSourcesBuildPhase;
			buildActionMask = 2147483647;
			files = (
				FCE1E4012A789CA700A00672 /* Popup.swift in Sources */,
				FCE1E3FF2A78965A00A00672 /* SpinAnimation.swift in Sources */,
				FCE1E3F52A734A7000A00672 /* MovieDetail.swift in Sources */,
				FCE1E3E92A73419400A00672 /* ContentView.swift in Sources */,
				FCE1E3F72A738F8600A00672 /* Movie.swift in Sources */,
				FCE1E3FD2A73923E00A00672 /* MovieCard.swift in Sources */,
				FCE1E3E72A73419400A00672 /* MovieLibrary2_0App.swift in Sources */,
				FCE1E3FB2A7390D000A00672 /* Loading.swift in Sources */,
				FCE1E3F92A73907600A00672 /* ImageFilp.swift in Sources */,
			);
			runOnlyForDeploymentPostprocessing = 0;
		};
/* End PBXSourcesBuildPhase section */

/* Begin XCBuildConfiguration section */
		FCE1E3EF2A73419600A00672 /* Debug */ = {
			isa = XCBuildConfiguration;
			buildSettings = {
				ALWAYS_SEARCH_USER_PATHS = NO;
				CLANG_ANALYZER_NONNULL = YES;
				CLANG_ANALYZER_NUMBER_OBJECT_CONVERSION = YES_AGGRESSIVE;
				CLANG_CXX_LANGUAGE_STANDARD = "gnu++20";
				CLANG_ENABLE_MODULES = YES;
				CLANG_ENABLE_OBJC_ARC = YES;
				CLANG_ENABLE_OBJC_WEAK = YES;
				CLANG_WARN_BLOCK_CAPTURE_AUTORELEASING = YES;
				CLANG_WARN_BOOL_CONVERSION = YES;
				CLANG_WARN_COMMA = YES;
				CLANG_WARN_CONSTANT_CONVERSION = YES;
				CLANG_WARN_DEPRECATED_OBJC_IMPLEMENTATIONS = YES;
				CLANG_WARN_DIRECT_OBJC_ISA_USAGE = YES_ERROR;
				CLANG_WARN_DOCUMENTATION_COMMENTS = YES;
				CLANG_WARN_EMPTY_BODY = YES;
				CLANG_WARN_ENUM_CONVERSION = YES;
				CLANG_WARN_INFINITE_RECURSION = YES;
				CLANG_WARN_INT_CONVERSION = YES;
				CLANG_WARN_NON_LITERAL_NULL_CONVERSION = YES;
				CLANG_WARN_OBJC_IMPLICIT_RETAIN_SELF = YES;
				CLANG_WARN_OBJC_LITERAL_CONVERSION = YES;
				CLANG_WARN_OBJC_ROOT_CLASS = YES_ERROR;
				CLANG_WARN_QUOTED_INCLUDE_IN_FRAMEWORK_HEADER = YES;
				CLANG_WARN_RANGE_LOOP_ANALYSIS = YES;
				CLANG_WARN_STRICT_PROTOTYPES = YES;
				CLANG_WARN_SUSPICIOUS_MOVE = YES;
				CLANG_WARN_UNGUARDED_AVAILABILITY = YES_AGGRESSIVE;
				CLANG_WARN_UNREACHABLE_CODE = YES;
				CLANG_WARN__DUPLICATE_METHOD_MATCH = YES;
				COPY_PHASE_STRIP = NO;
				DEBUG_INFORMATION_FORMAT = dwarf;
				ENABLE_STRICT_OBJC_MSGSEND = YES;
				ENABLE_TESTABILITY = YES;
				GCC_C_LANGUAGE_STANDARD = gnu11;
				GCC_DYNAMIC_NO_PIC = NO;
				GCC_NO_COMMON_BLOCKS = YES;
				GCC_OPTIMIZATION_LEVEL = 0;
				GCC_PREPROCESSOR_DEFINITIONS = (
					"DEBUG=1",
					"$(inherited)",
				);
				GCC_WARN_64_TO_32_BIT_CONVERSION = YES;
				GCC_WARN_ABOUT_RETURN_TYPE = YES_ERROR;
				GCC_WARN_UNDECLARED_SELECTOR = YES;
				GCC_WARN_UNINITIALIZED_AUTOS = YES_AGGRESSIVE;
				GCC_WARN_UNUSED_FUNCTION = YES;
				GCC_WARN_UNUSED_VARIABLE = YES;
				IPHONEOS_DEPLOYMENT_TARGET = 16.4;
				MTL_ENABLE_DEBUG_INFO = INCLUDE_SOURCE;
				MTL_FAST_MATH = YES;
				ONLY_ACTIVE_ARCH = YES;
				SDKROOT = iphoneos;
				SWIFT_ACTIVE_COMPILATION_CONDITIONS = DEBUG;
				SWIFT_OPTIMIZATION_LEVEL = "-Onone";
			};
			name = Debug;
		};
		FCE1E3F02A73419600A00672 /* Release */ = {
			isa = XCBuildConfiguration;
			buildSettings = {
				ALWAYS_SEARCH_USER_PATHS = NO;
				CLANG_ANALYZER_NONNULL = YES;
				CLANG_ANALYZER_NUMBER_OBJECT_CONVERSION = YES_AGGRESSIVE;
				CLANG_CXX_LANGUAGE_STANDARD = "gnu++20";
				CLANG_ENABLE_MODULES = YES;
				CLANG_ENABLE_OBJC_ARC = YES;
				CLANG_ENABLE_OBJC_WEAK = YES;
				CLANG_WARN_BLOCK_CAPTURE_AUTORELEASING = YES;
				CLANG_WARN_BOOL_CONVERSION = YES;
				CLANG_WARN_COMMA = YES;
				CLANG_WARN_CONSTANT_CONVERSION = YES;
				CLANG_WARN_DEPRECATED_OBJC_IMPLEMENTATIONS = YES;
				CLANG_WARN_DIRECT_OBJC_ISA_USAGE = YES_ERROR;
				CLANG_WARN_DOCUMENTATION_COMMENTS = YES;
				CLANG_WARN_EMPTY_BODY = YES;
				CLANG_WARN_ENUM_CONVERSION = YES;
				CLANG_WARN_INFINITE_RECURSION = YES;
				CLANG_WARN_INT_CONVERSION = YES;
				CLANG_WARN_NON_LITERAL_NULL_CONVERSION = YES;
				CLANG_WARN_OBJC_IMPLICIT_RETAIN_SELF = YES;
				CLANG_WARN_OBJC_LITERAL_CONVERSION = YES;
				CLANG_WARN_OBJC_ROOT_CLASS = YES_ERROR;
				CLANG_WARN_QUOTED_INCLUDE_IN_FRAMEWORK_HEADER = YES;
				CLANG_WARN_RANGE_LOOP_ANALYSIS = YES;
				CLANG_WARN_STRICT_PROTOTYPES = YES;
				CLANG_WARN_SUSPICIOUS_MOVE = YES;
				CLANG_WARN_UNGUARDED_AVAILABILITY = YES_AGGRESSIVE;
				CLANG_WARN_UNREACHABLE_CODE = YES;
				CLANG_WARN__DUPLICATE_METHOD_MATCH = YES;
				COPY_PHASE_STRIP = NO;
				DEBUG_INFORMATION_FORMAT = "dwarf-with-dsym";
				ENABLE_NS_ASSERTIONS = NO;
				ENABLE_STRICT_OBJC_MSGSEND = YES;
				GCC_C_LANGUAGE_STANDARD = gnu11;
				GCC_NO_COMMON_BLOCKS = YES;
				GCC_WARN_64_TO_32_BIT_CONVERSION = YES;
				GCC_WARN_ABOUT_RETURN_TYPE = YES_ERROR;
				GCC_WARN_UNDECLARED_SELECTOR = YES;
				GCC_WARN_UNINITIALIZED_AUTOS = YES_AGGRESSIVE;
				GCC_WARN_UNUSED_FUNCTION = YES;
				GCC_WARN_UNUSED_VARIABLE = YES;
				IPHONEOS_DEPLOYMENT_TARGET = 16.4;
				MTL_ENABLE_DEBUG_INFO = NO;
				MTL_FAST_MATH = YES;
				SDKROOT = iphoneos;
				SWIFT_COMPILATION_MODE = wholemodule;
				SWIFT_OPTIMIZATION_LEVEL = "-O";
				VALIDATE_PRODUCT = YES;
			};
			name = Release;
		};
		FCE1E3F22A73419600A00672 /* Debug */ = {
			isa = XCBuildConfiguration;
			buildSettings = {
				ASSETCATALOG_COMPILER_APPICON_NAME = AppIcon;
				ASSETCATALOG_COMPILER_GLOBAL_ACCENT_COLOR_NAME = AccentColor;
				CODE_SIGN_STYLE = Automatic;
				CURRENT_PROJECT_VERSION = 1;
				DEVELOPMENT_ASSET_PATHS = "\"MovieLibrary2.0/Preview Content\"";
				DEVELOPMENT_TEAM = 57532Y24V3;
				ENABLE_PREVIEWS = YES;
				GENERATE_INFOPLIST_FILE = YES;
				INFOPLIST_KEY_CFBundleDisplayName = "Movie Library";
				INFOPLIST_KEY_UIApplicationSceneManifest_Generation = YES;
				INFOPLIST_KEY_UIApplicationSupportsIndirectInputEvents = YES;
				INFOPLIST_KEY_UILaunchScreen_Generation = YES;
				INFOPLIST_KEY_UISupportedInterfaceOrientations = UIInterfaceOrientationPortrait;
				LD_RUNPATH_SEARCH_PATHS = (
					"$(inherited)",
					"@executable_path/Frameworks",
				);
				MARKETING_VERSION = 1.0;
				PRODUCT_BUNDLE_IDENTIFIER = "com.stephenstef.MovieLibrary2-0";
				PRODUCT_NAME = "$(TARGET_NAME)";
				SWIFT_EMIT_LOC_STRINGS = YES;
				SWIFT_VERSION = 5.0;
				TARGETED_DEVICE_FAMILY = "1,2";
			};
			name = Debug;
		};
		FCE1E3F32A73419600A00672 /* Release */ = {
			isa = XCBuildConfiguration;
			buildSettings = {
				ASSETCATALOG_COMPILER_APPICON_NAME = AppIcon;
				ASSETCATALOG_COMPILER_GLOBAL_ACCENT_COLOR_NAME = AccentColor;
				CODE_SIGN_STYLE = Automatic;
				CURRENT_PROJECT_VERSION = 1;
				DEVELOPMENT_ASSET_PATHS = "\"MovieLibrary2.0/Preview Content\"";
				DEVELOPMENT_TEAM = 57532Y24V3;
				ENABLE_PREVIEWS = YES;
				GENERATE_INFOPLIST_FILE = YES;
				INFOPLIST_KEY_CFBundleDisplayName = "Movie Library";
				INFOPLIST_KEY_UIApplicationSceneManifest_Generation = YES;
				INFOPLIST_KEY_UIApplicationSupportsIndirectInputEvents = YES;
				INFOPLIST_KEY_UILaunchScreen_Generation = YES;
				INFOPLIST_KEY_UISupportedInterfaceOrientations = UIInterfaceOrientationPortrait;
				LD_RUNPATH_SEARCH_PATHS = (
					"$(inherited)",
					"@executable_path/Frameworks",
				);
				MARKETING_VERSION = 1.0;
				PRODUCT_BUNDLE_IDENTIFIER = "com.stephenstef.MovieLibrary2-0";
				PRODUCT_NAME = "$(TARGET_NAME)";
				SWIFT_EMIT_LOC_STRINGS = YES;
				SWIFT_VERSION = 5.0;
				TARGETED_DEVICE_FAMILY = "1,2";
			};
			name = Release;
		};
/* End XCBuildConfiguration section */

/* Begin XCConfigurationList section */
		FCE1E3DE2A73419400A00672 /* Build configuration list for PBXProject "MovieLibrary2.0" */ = {
			isa = XCConfigurationList;
			buildConfigurations = (
				FCE1E3EF2A73419600A00672 /* Debug */,
				FCE1E3F02A73419600A00672 /* Release */,
			);
			defaultConfigurationIsVisible = 0;
			defaultConfigurationName = Release;
		};
		FCE1E3F12A73419600A00672 /* Build configuration list for PBXNativeTarget "MovieLibrary2.0" */ = {
			isa = XCConfigurationList;
			buildConfigurations = (
				FCE1E3F22A73419600A00672 /* Debug */,
				FCE1E3F32A73419600A00672 /* Release */,
			);
			defaultConfigurationIsVisible = 0;
			defaultConfigurationName = Release;
		};
/* End XCConfigurationList section */
	};
	rootObject = FCE1E3DB2A73419400A00672 /* Project object */;
}
